
Microsoft Visual Studio Solution File, Format Version 11.00
# Visual Studio 2010
Project("{FAE04EC0-301F-11D3-BF4B-00C04F79EFBC}") = "Atos.Web.Mobile.Trends", "Atos.Web.Mobile.Trends\Atos.Web.Mobile.Trends.csproj", "{986764C1-878C-4E33-A4D5-B82614D2F321}"
EndProject
Global
	GlobalSection(SolutionConfigurationPlatforms) = preSolution
		Debug|Any CPU = Debug|Any CPU
		Release|Any CPU = Release|Any CPU
	EndGlobalSection
	GlobalSection(ProjectConfigurationPlatforms) = postSolution
		{986764C1-878C-4E33-A4D5-B82614D2F321}.Debug|Any CPU.ActiveCfg = Debug|Any CPU
		{986764C1-878C-4E33-A4D5-B82614D2F321}.Debug|Any CPU.Build.0 = Debug|Any CPU
		{986764C1-878C-4E33-A4D5-B82614D2F321}.Release|Any CPU.ActiveCfg = Release|Any CPU
		{986764C1-878C-4E33-A4D5-B82614D2F321}.Release|Any CPU.Build.0 = Release|Any CPU
	EndGlobalSection
	GlobalSection(SolutionProperties) = preSolution
		HideSolutionNode = FALSE
	EndGlobalSection
EndGlobal
